
Microsoft Visual Studio Solution File, Format Version 12.00
# Visual Studio Version 16
VisualStudioVersion = 16.0.30621.155
MinimumVisualStudioVersion = 10.0.40219.1
Project("{FAE04EC0-301F-11D3-BF4B-00C04F79EFBC}") = "WebApplicationASPNETCORE", "WebApplicationASPNETCORE\WebApplicationASPNETCORE.csproj", "{DF242DC2-66D3-4A4F-BECC-C2692E40DA26}"
EndProject
Global
	GlobalSection(SolutionConfigurationPlatforms) = preSolution
		Debug|Any CPU = Debug|Any CPU
		Release|Any CPU = Release|Any CPU
	EndGlobalSection
	GlobalSection(ProjectConfigurationPlatforms) = postSolution
		{DF242DC2-66D3-4A4F-BECC-C2692E40DA26}.Debug|Any CPU.ActiveCfg = Debug|Any CPU
		{DF242DC2-66D3-4A4F-BECC-C2692E40DA26}.Debug|Any CPU.Build.0 = Debug|Any CPU
		{DF242DC2-66D3-4A4F-BECC-C2692E40DA26}.Release|Any CPU.ActiveCfg = Release|Any CPU
		{DF242DC2-66D3-4A4F-BECC-C2692E40DA26}.Release|Any CPU.Build.0 = Release|Any CPU
	EndGlobalSection
	GlobalSection(SolutionProperties) = preSolution
		HideSolutionNode = FALSE
	EndGlobalSection
	GlobalSection(ExtensibilityGlobals) = postSolution
		SolutionGuid = {AE390ECC-2EE7-4979-BA4E-43638ED1B9E7}
	EndGlobalSection
EndGlobal
